
Microsoft Visual Studio Solution File, Format Version 12.00
# Visual Studio Version 17
VisualStudioVersion = 17.0.31903.59
MinimumVisualStudioVersion = 10.0.40219.1
Project("{FAE04EC0-301F-11D3-BF4B-00C04F79EFBC}") = "xunit-example", "xunit-example.csproj", "{288D5CB8-D83C-4A69-A6C4-D23B64675698}"
EndProject
Global
	GlobalSection(SolutionConfigurationPlatforms) = preSolution
		Debug|Any CPU = Debug|Any CPU
		Release|Any CPU = Release|Any CPU
	EndGlobalSection
	GlobalSection(SolutionProperties) = preSolution
		HideSolutionNode = FALSE
	EndGlobalSection
	GlobalSection(ProjectConfigurationPlatforms) = postSolution
		{288D5CB8-D83C-4A69-A6C4-D23B64675698}.Debug|Any CPU.ActiveCfg = Debug|Any CPU
		{288D5CB8-D83C-4A69-A6C4-D23B64675698}.Debug|Any CPU.Build.0 = Debug|Any CPU
		{288D5CB8-D83C-4A69-A6C4-D23B64675698}.Release|Any CPU.ActiveCfg = Release|Any CPU
		{288D5CB8-D83C-4A69-A6C4-D23B64675698}.Release|Any CPU.Build.0 = Release|Any CPU
	EndGlobalSection
EndGlobal
